{
  "name": "@askledger/conformance",
  "version": "0.1.0",
  "lockfileVersion": 3,
  "requires": true,
  "packages": {
    "": {
      "name": "@askledger/conformance",
      "version": "0.1.0",
      "license": "Apache-2.0",
      "dependencies": {
        "@askledger/receipts-sdk": "file:.."
      },
      "bin": {
        "pl-conformance": "dist/cli.js"
      }
    },
    "..": {
      "name": "@askledger/receipts-sdk",
      "version": "0.7.0",
      "license": "Apache-2.0",
      "dependencies": {
        "@noble/ed25519": "^2.1.0",
        "@noble/hashes": "^1.4.0",
        "canonicalize": "^2.0.0",
        "commander": "^12.0.0",
        "uuid": "^11.0.0"
      },
      "bin": {
        "ledger-cli": "dist/cli.js",
        "pl": "dist/cli.js"
      },
      "devDependencies": {
        "@types/node": "^20.0.0",
        "typescript": "^5.4.0",
        "vitest": "^3.2.6"
      },
      "engines": {
        "node": ">=18.0.0"
      }
    },
    "node_modules/@askledger/receipts-sdk": {
      "resolved": "..",
      "link": true
    }
  }
}
